
Microsoft Visual Studio Solution File, Format Version 12.00
# Visual Studio Version 17
VisualStudioVersion = 17.0.31903.59
MinimumVisualStudioVersion = 10.0.40219.1
Project("{2150E333-8FDC-42A3-9474-1A3956D46DE8}") = "src", "src", "{827E0CD3-B72D-47B6-A68D-7590B98EB39B}"
EndProject
Project("{FAE04EC0-301F-11D3-BF4B-00C04F79EFBC}") = "PlantWatch.Domain", "src\PlantWatch.Domain\PlantWatch.Domain.csproj", "{02EA1FF7-6899-4B38-BBF8-45AC95B47896}"
EndProject
Project("{FAE04EC0-301F-11D3-BF4B-00C04F79EFBC}") = "PlantWatch.Application", "src\PlantWatch.Application\PlantWatch.Application.csproj", "{3B0C210C-4019-456B-808E-B61DA67F2B7B}"
EndProject
Project("{FAE04EC0-301F-11D3-BF4B-00C04F79EFBC}") = "PlantWatch.Infrastructure", "src\PlantWatch.Infrastructure\PlantWatch.Infrastructure.csproj", "{6889A1F6-5042-47ED-A92E-0ACAD194396D}"
EndProject
Project("{FAE04EC0-301F-11D3-BF4B-00C04F79EFBC}") = "PlantWatch.Api", "src\PlantWatch.Api\PlantWatch.Api.csproj", "{A4EE4440-2DE7-46B6-B6E8-FA2B63AB59F5}"
EndProject
Project("{FAE04EC0-301F-11D3-BF4B-00C04F79EFBC}") = "PlantWatch.Simulator", "tools\PlantWatch.Simulator\PlantWatch.Simulator.csproj", "{C782B35E-CD05-4880-A351-E971CA5996D1}"
EndProject
Project("{FAE04EC0-301F-11D3-BF4B-00C04F79EFBC}") = "PlantWatch.Domain.Tests", "tests\PlantWatch.Domain.Tests\PlantWatch.Domain.Tests.csproj", "{5EF2CE06-9995-4692-8A77-DABD3D74BF8F}"
EndProject
Global
	GlobalSection(SolutionConfigurationPlatforms) = preSolution
		Debug|Any CPU = Debug|Any CPU
		Debug|x64 = Debug|x64
		Debug|x86 = Debug|x86
		Release|Any CPU = Release|Any CPU
		Release|x64 = Release|x64
		Release|x86 = Release|x86
	EndGlobalSection
	GlobalSection(ProjectConfigurationPlatforms) = postSolution
		{02EA1FF7-6899-4B38-BBF8-45AC95B47896}.Debug|Any CPU.ActiveCfg = Debug|Any CPU
		{02EA1FF7-6899-4B38-BBF8-45AC95B47896}.Debug|Any CPU.Build.0 = Debug|Any CPU
		{02EA1FF7-6899-4B38-BBF8-45AC95B47896}.Debug|x64.ActiveCfg = Debug|Any CPU
		{02EA1FF7-6899-4B38-BBF8-45AC95B47896}.Debug|x64.Build.0 = Debug|Any CPU
		{02EA1FF7-6899-4B38-BBF8-45AC95B47896}.Debug|x86.ActiveCfg = Debug|Any CPU
		{02EA1FF7-6899-4B38-BBF8-45AC95B47896}.Debug|x86.Build.0 = Debug|Any CPU
		{02EA1FF7-6899-4B38-BBF8-45AC95B47896}.Release|Any CPU.ActiveCfg = Release|Any CPU
		{02EA1FF7-6899-4B38-BBF8-45AC95B47896}.Release|Any CPU.Build.0 = Release|Any CPU
		{02EA1FF7-6899-4B38-BBF8-45AC95B47896}.Release|x64.ActiveCfg = Release|Any CPU
		{02EA1FF7-6899-4B38-BBF8-45AC95B47896}.Release|x64.Build.0 = Release|Any CPU
		{02EA1FF7-6899-4B38-BBF8-45AC95B47896}.Release|x86.ActiveCfg = Release|Any CPU
		{02EA1FF7-6899-4B38-BBF8-45AC95B47896}.Release|x86.Build.0 = Release|Any CPU
		{3B0C210C-4019-456B-808E-B61DA67F2B7B}.Debug|Any CPU.ActiveCfg = Debug|Any CPU
		{3B0C210C-4019-456B-808E-B61DA67F2B7B}.Debug|Any CPU.Build.0 = Debug|Any CPU
		{3B0C210C-4019-456B-808E-B61DA67F2B7B}.Debug|x64.ActiveCfg = Debug|Any CPU
		{3B0C210C-4019-456B-808E-B61DA67F2B7B}.Debug|x64.Build.0 = Debug|Any CPU
		{3B0C210C-4019-456B-808E-B61DA67F2B7B}.Debug|x86.ActiveCfg = Debug|Any CPU
		{3B0C210C-4019-456B-808E-B61DA67F2B7B}.Debug|x86.Build.0 = Debug|Any CPU
		{3B0C210C-4019-456B-808E-B61DA67F2B7B}.Release|Any CPU.ActiveCfg = Release|Any CPU
		{3B0C210C-4019-456B-808E-B61DA67F2B7B}.Release|Any CPU.Build.0 = Release|Any CPU
		{3B0C210C-4019-456B-808E-B61DA67F2B7B}.Release|x64.ActiveCfg = Release|Any CPU
		{3B0C210C-4019-456B-808E-B61DA67F2B7B}.Release|x64.Build.0 = Release|Any CPU
		{3B0C210C-4019-456B-808E-B61DA67F2B7B}.Release|x86.ActiveCfg = Release|Any CPU
		{3B0C210C-4019-456B-808E-B61DA67F2B7B}.Release|x86.Build.0 = Release|Any CPU
		{6889A1F6-5042-47ED-A92E-0ACAD194396D}.Debug|Any CPU.ActiveCfg = Debug|Any CPU
		{6889A1F6-5042-47ED-A92E-0ACAD194396D}.Debug|Any CPU.Build.0 = Debug|Any CPU
		{6889A1F6-5042-47ED-A92E-0ACAD194396D}.Debug|x64.ActiveCfg = Debug|Any CPU
		{6889A1F6-5042-47ED-A92E-0ACAD194396D}.Debug|x64.Build.0 = Debug|Any CPU
		{6889A1F6-5042-47ED-A92E-0ACAD194396D}.Debug|x86.ActiveCfg = Debug|Any CPU
		{6889A1F6-5042-47ED-A92E-0ACAD194396D}.Debug|x86.Build.0 = Debug|Any CPU
		{6889A1F6-5042-47ED-A92E-0ACAD194396D}.Release|Any CPU.ActiveCfg = Release|Any CPU
		{6889A1F6-5042-47ED-A92E-0ACAD194396D}.Release|Any CPU.Build.0 = Release|Any CPU
		{6889A1F6-5042-47ED-A92E-0ACAD194396D}.Release|x64.ActiveCfg = Release|Any CPU
		{6889A1F6-5042-47ED-A92E-0ACAD194396D}.Release|x64.Build.0 = Release|Any CPU
		{6889A1F6-5042-47ED-A92E-0ACAD194396D}.Release|x86.ActiveCfg = Release|Any CPU
		{6889A1F6-5042-47ED-A92E-0ACAD194396D}.Release|x86.Build.0 = Release|Any CPU
		{A4EE4440-2DE7-46B6-B6E8-FA2B63AB59F5}.Debug|Any CPU.ActiveCfg = Debug|Any CPU
		{A4EE4440-2DE7-46B6-B6E8-FA2B63AB59F5}.Debug|Any CPU.Build.0 = Debug|Any CPU
		{A4EE4440-2DE7-46B6-B6E8-FA2B63AB59F5}.Debug|x64.ActiveCfg = Debug|Any CPU
		{A4EE4440-2DE7-46B6-B6E8-FA2B63AB59F5}.Debug|x64.Build.0 = Debug|Any CPU
		{A4EE4440-2DE7-46B6-B6E8-FA2B63AB59F5}.Debug|x86.ActiveCfg = Debug|Any CPU
		{A4EE4440-2DE7-46B6-B6E8-FA2B63AB59F5}.Debug|x86.Build.0 = Debug|Any CPU
		{A4EE4440-2DE7-46B6-B6E8-FA2B63AB59F5}.Release|Any CPU.ActiveCfg = Release|Any CPU
		{A4EE4440-2DE7-46B6-B6E8-FA2B63AB59F5}.Release|Any CPU.Build.0 = Release|Any CPU
		{A4EE4440-2DE7-46B6-B6E8-FA2B63AB59F5}.Release|x64.ActiveCfg = Release|Any CPU
		{A4EE4440-2DE7-46B6-B6E8-FA2B63AB59F5}.Release|x64.Build.0 = Release|Any CPU
		{A4EE4440-2DE7-46B6-B6E8-FA2B63AB59F5}.Release|x86.ActiveCfg = Release|Any CPU
		{A4EE4440-2DE7-46B6-B6E8-FA2B63AB59F5}.Release|x86.Build.0 = Release|Any CPU
		{C782B35E-CD05-4880-A351-E971CA5996D1}.Debug|Any CPU.ActiveCfg = Debug|Any CPU
		{C782B35E-CD05-4880-A351-E971CA5996D1}.Debug|Any CPU.Build.0 = Debug|Any CPU
		{C782B35E-CD05-4880-A351-E971CA5996D1}.Debug|x64.ActiveCfg = Debug|Any CPU
		{C782B35E-CD05-4880-A351-E971CA5996D1}.Debug|x64.Build.0 = Debug|Any CPU
		{C782B35E-CD05-4880-A351-E971CA5996D1}.Debug|x86.ActiveCfg = Debug|Any CPU
		{C782B35E-CD05-4880-A351-E971CA5996D1}.Debug|x86.Build.0 = Debug|Any CPU
		{C782B35E-CD05-4880-A351-E971CA5996D1}.Release|Any CPU.ActiveCfg = Release|Any CPU
		{C782B35E-CD05-4880-A351-E971CA5996D1}.Release|Any CPU.Build.0 = Release|Any CPU
		{C782B35E-CD05-4880-A351-E971CA5996D1}.Release|x64.ActiveCfg = Release|Any CPU
		{C782B35E-CD05-4880-A351-E971CA5996D1}.Release|x64.Build.0 = Release|Any CPU
		{C782B35E-CD05-4880-A351-E971CA5996D1}.Release|x86.ActiveCfg = Release|Any CPU
		{C782B35E-CD05-4880-A351-E971CA5996D1}.Release|x86.Build.0 = Release|Any CPU
		{5EF2CE06-9995-4692-8A77-DABD3D74BF8F}.Debug|Any CPU.ActiveCfg = Debug|Any CPU
		{5EF2CE06-9995-4692-8A77-DABD3D74BF8F}.Debug|Any CPU.Build.0 = Debug|Any CPU
		{5EF2CE06-9995-4692-8A77-DABD3D74BF8F}.Debug|x64.ActiveCfg = Debug|Any CPU
		{5EF2CE06-9995-4692-8A77-DABD3D74BF8F}.Debug|x64.Build.0 = Debug|Any CPU
		{5EF2CE06-9995-4692-8A77-DABD3D74BF8F}.Debug|x86.ActiveCfg = Debug|Any CPU
		{5EF2CE06-9995-4692-8A77-DABD3D74BF8F}.Debug|x86.Build.0 = Debug|Any CPU
		{5EF2CE06-9995-4692-8A77-DABD3D74BF8F}.Release|Any CPU.ActiveCfg = Release|Any CPU
		{5EF2CE06-9995-4692-8A77-DABD3D74BF8F}.Release|Any CPU.Build.0 = Release|Any CPU
		{5EF2CE06-9995-4692-8A77-DABD3D74BF8F}.Release|x64.ActiveCfg = Release|Any CPU
		{5EF2CE06-9995-4692-8A77-DABD3D74BF8F}.Release|x64.Build.0 = Release|Any CPU
		{5EF2CE06-9995-4692-8A77-DABD3D74BF8F}.Release|x86.ActiveCfg = Release|Any CPU
		{5EF2CE06-9995-4692-8A77-DABD3D74BF8F}.Release|x86.Build.0 = Release|Any CPU
	EndGlobalSection
	GlobalSection(SolutionProperties) = preSolution
		HideSolutionNode = FALSE
	EndGlobalSection
	GlobalSection(NestedProjects) = preSolution
		{02EA1FF7-6899-4B38-BBF8-45AC95B47896} = {827E0CD3-B72D-47B6-A68D-7590B98EB39B}
		{3B0C210C-4019-456B-808E-B61DA67F2B7B} = {827E0CD3-B72D-47B6-A68D-7590B98EB39B}
		{6889A1F6-5042-47ED-A92E-0ACAD194396D} = {827E0CD3-B72D-47B6-A68D-7590B98EB39B}
		{A4EE4440-2DE7-46B6-B6E8-FA2B63AB59F5} = {827E0CD3-B72D-47B6-A68D-7590B98EB39B}
		{C782B35E-CD05-4880-A351-E971CA5996D1} = {827E0CD3-B72D-47B6-A68D-7590B98EB39B}
		{5EF2CE06-9995-4692-8A77-DABD3D74BF8F} = {827E0CD3-B72D-47B6-A68D-7590B98EB39B}
	EndGlobalSection
EndGlobal
